// !$*UTF8*$!
{
	archiveVersion = 1;
	classes = {
	};
	objectVersion = 46;
	objects = {

/* Begin PBXBuildFile section */
		84D275C61F0DF01A00551BCD /* AppDelegate.swift in Sources */ = {isa = PBXBuildFile; fileRef = 84D275C51F0DF01A00551BCD /* AppDelegate.swift */; };
		84D275C81F0DF01A00551BCD /* ViewController.swift in Sources */ = {isa = PBXBuildFile; fileRef = 84D275C71F0DF01A00551BCD /* ViewController.swift */; };
		84D275CB1F0DF01A00551BCD /* Main.storyboard in Resources */ = {isa = PBXBuildFile; fileRef = 84D275C91F0DF01A00551BCD /* Main.storyboard */; };
		84D275CD1F0DF01A00551BCD /* Assets.xcassets in Resources */ = {isa = PBXBuildFile; fileRef = 84D275CC1F0DF01A00551BCD /* Assets.xcassets */; };
		84D275D01F0DF01A00551BCD /* LaunchScreen.storyboard in Resources */ = {isa = PBXBuildFile; fileRef = 84D275CE1F0DF01A00551BCD /* LaunchScreen.storyboard */; };
		84D275DB1F0DF01A00551BCD /* cellActionTests.swift in Sources */ = {isa = PBXBuildFile; fileRef = 84D275DA1F0DF01A00551BCD /* cellActionTests.swift */; };
		84D275E61F0DF01B00551BCD /* cellActionUITests.swift in Sources */ = {isa = PBXBuildFile; fileRef = 84D275E51F0DF01B00551BCD /* cellActionUITests.swift */; };
		84D275F41F0DF34600551BCD /* TableViewController.swift in Sources */ = {isa = PBXBuildFile; fileRef = 84D275F31F0DF34600551BCD /* TableViewController.swift */; };
		84D275F71F0DF73A00551BCD /* husky.jpg in Resources */ = {isa = PBXBuildFile; fileRef = 84D275F51F0DF73A00551BCD /* husky.jpg */; };
		84D275F81F0DF73A00551BCD /* wolf.jpg in Resources */ = {isa = PBXBuildFile; fileRef = 84D275F61F0DF73A00551BCD /* wolf.jpg */; };
/* End PBXBuildFile section */

/* Begin PBXContainerItemProxy section */
		84D275D71F0DF01A00551BCD /* PBXContainerItemProxy */ = {
			isa = PBXContainerItemProxy;
			containerPortal = 84D275BA1F0DF01A00551BCD /* Project object */;
			proxyType = 1;
			remoteGlobalIDString = 84D275C11F0DF01A00551BCD;
			remoteInfo = cellAction;
		};
		84D275E21F0DF01A00551BCD /* PBXContainerItemProxy */ = {
			isa = PBXContainerItemProxy;
			containerPortal = 84D275BA1F0DF01A00551BCD /* Project object */;
			proxyType = 1;
			remoteGlobalIDString = 84D275C11F0DF01A00551BCD;
			remoteInfo = cellAction;
		};
/* End PBXContainerItemProxy section */

/* Begin PBXFileReference section */
		84D275C21F0DF01A00551BCD /* cellAction.app */ = {isa = PBXFileReference; explicitFileType = wrapper.application; includeInIndex = 0; path = cellAction.app; sourceTree = BUILT_PRODUCTS_DIR; };
		84D275C51F0DF01A00551BCD /* AppDelegate.swift */ = {isa = PBXFileReference; lastKnownFileType = sourcecode.swift; path = AppDelegate.swift; sourceTree = "<group>"; };
		84D275C71F0DF01A00551BCD /* ViewController.swift */ = {isa = PBXFileReference; lastKnownFileType = sourcecode.swift; path = ViewController.swift; sourceTree = "<group>"; };
		84D275CA1F0DF01A00551BCD /* Base */ = {isa = PBXFileReference; lastKnownFileType = file.storyboard; name = Base; path = Base.lproj/Main.storyboard; sourceTree = "<group>"; };
		84D275CC1F0DF01A00551BCD /* Assets.xcassets */ = {isa = PBXFileReference; lastKnownFileType = folder.assetcatalog; path = Assets.xcassets; sourceTree = "<group>"; };
		84D275CF1F0DF01A00551BCD /* Base */ = {isa = PBXFileReference; lastKnownFileType = file.storyboard; name = Base; path = Base.lproj/LaunchScreen.storyboard; sourceTree = "<group>"; };
		84D275D11F0DF01A00551BCD /* Info.plist */ = {isa = PBXFileReference; lastKnownFileType = text.plist.xml; path = Info.plist; sourceTree = "<group>"; };
		84D275D61F0DF01A00551BCD /* cellActionTests.xctest */ = {isa = PBXFileReference; explicitFileType = wrapper.cfbundle; includeInIndex = 0; path = cellActionTests.xctest; sourceTree = BUILT_PRODUCTS_DIR; };
		84D275DA1F0DF01A00551BCD /* cellActionTests.swift */ = {isa = PBXFileReference; lastKnownFileType = sourcecode.swift; path = cellActionTests.swift; sourceTree = "<group>"; };
		84D275DC1F0DF01A00551BCD /* Info.plist */ = {isa = PBXFileReference; lastKnownFileType = text.plist.xml; path = Info.plist; sourceTree = "<group>"; };
		84D275E11F0DF01A00551BCD /* cellActionUITests.xctest */ = {isa = PBXFileReference; explicitFileType = wrapper.cfbundle; includeInIndex = 0; path = cellActionUITests.xctest; sourceTree = BUILT_PRODUCTS_DIR; };
		84D275E51F0DF01B00551BCD /* cellActionUITests.swift */ = {isa = PBXFileReference; lastKnownFileType = sourcecode.swift; path = cellActionUITests.swift; sourceTree = "<group>"; };
		84D275E71F0DF01B00551BCD /* Info.plist */ = {isa = PBXFileReference; lastKnownFileType = text.plist.xml; path = Info.plist; sourceTree = "<group>"; };
		84D275F31F0DF34600551BCD /* TableViewController.swift */ = {isa = PBXFileReference; fileEncoding = 4; lastKnownFileType = sourcecode.swift; path = TableViewController.swift; sourceTree = "<group>"; };
		84D275F51F0DF73A00551BCD /* husky.jpg */ = {isa = PBXFileReference; lastKnownFileType = image.jpeg; path = husky.jpg; sourceTree = "<group>"; };
		84D275F61F0DF73A00551BCD /* wolf.jpg */ = {isa = PBXFileReference; lastKnownFileType = image.jpeg; path = wolf.jpg; sourceTree = "<group>"; };
/* End PBXFileReference section */

/* Begin PBXFrameworksBuildPhase section */
		84D275BF1F0DF01A00551BCD /* Frameworks */ = {
			isa = PBXFrameworksBuildPhase;
			buildActionMask = 2147483647;
			files = (
			);
			runOnlyForDeploymentPostprocessing = 0;
		};
		84D275D31F0DF01A00551BCD /* Frameworks */ = {
			isa = PBXFrameworksBuildPhase;
			buildActionMask = 2147483647;
			files = (
			);
			runOnlyForDeploymentPostprocessing = 0;
		};
		84D275DE1F0DF01A00551BCD /* Frameworks */ = {
			isa = PBXFrameworksBuildPhase;
			buildActionMask = 2147483647;
			files = (
			);
			runOnlyForDeploymentPostprocessing = 0;
		};
/* End PBXFrameworksBuildPhase section */

/* Begin PBXGroup section */
		84D275B91F0DF01A00551BCD = {
			isa = PBXGroup;
			children = (
				84D275C41F0DF01A00551BCD /* cellAction */,
				84D275D91F0DF01A00551BCD /* cellActionTests */,
				84D275E41F0DF01A00551BCD /* cellActionUITests */,
				84D275C31F0DF01A00551BCD /* Products */,
			);
			sourceTree = "<group>";
		};
		84D275C31F0DF01A00551BCD /* Products */ = {
			isa = PBXGroup;
			children = (
				84D275C21F0DF01A00551BCD /* cellAction.app */,
				84D275D61F0DF01A00551BCD /* cellActionTests.xctest */,
				84D275E11F0DF01A00551BCD /* cellActionUITests.xctest */,
			);
			name = Products;
			sourceTree = "<group>";
		};
		84D275C41F0DF01A00551BCD /* cellAction */ = {
			isa = PBXGroup;
			children = (
				84D275C51F0DF01A00551BCD /* AppDelegate.swift */,
				84D275C71F0DF01A00551BCD /* ViewController.swift */,
				84D275F31F0DF34600551BCD /* TableViewController.swift */,
				84D275C91F0DF01A00551BCD /* Main.storyboard */,
				84D275CC1F0DF01A00551BCD /* Assets.xcassets */,
				84D275CE1F0DF01A00551BCD /* LaunchScreen.storyboard */,
				84D275D11F0DF01A00551BCD /* Info.plist */,
				84D275F51F0DF73A00551BCD /* husky.jpg */,
				84D275F61F0DF73A00551BCD /* wolf.jpg */,
			);
			path = cellAction;
			sourceTree = "<group>";
		};
		84D275D91F0DF01A00551BCD /* cellActionTests */ = {
			isa = PBXGroup;
			children = (
				84D275DA1F0DF01A00551BCD /* cellActionTests.swift */,
				84D275DC1F0DF01A00551BCD /* Info.plist */,
			);
			path = cellActionTests;
			sourceTree = "<group>";
		};
		84D275E41F0DF01A00551BCD /* cellActionUITests */ = {
			isa = PBXGroup;
			children = (
				84D275E51F0DF01B00551BCD /* cellActionUITests.swift */,
				84D275E71F0DF01B00551BCD /* Info.plist */,
			);
			path = cellActionUITests;
			sourceTree = "<group>";
		};
/* End PBXGroup section */

/* Begin PBXNativeTarget section */
		84D275C11F0DF01A00551BCD /* cellAction */ = {
			isa = PBXNativeTarget;
			buildConfigurationList = 84D275EA1F0DF01B00551BCD /* Build configuration list for PBXNativeTarget "cellAction" */;
			buildPhases = (
				84D275BE1F0DF01A00551BCD /* Sources */,
				84D275BF1F0DF01A00551BCD /* Frameworks */,
				84D275C01F0DF01A00551BCD /* Resources */,
			);
			buildRules = (
			);
			dependencies = (
			);
			name = cellAction;
			productName = cellAction;
			productReference = 84D275C21F0DF01A00551BCD /* cellAction.app */;
			productType = "com.apple.product-type.application";
		};
		84D275D51F0DF01A00551BCD /* cellActionTests */ = {
			isa = PBXNativeTarget;
			buildConfigurationList = 84D275ED1F0DF01B00551BCD /* Build configuration list for PBXNativeTarget "cellActionTests" */;
			buildPhases = (
				84D275D21F0DF01A00551BCD /* Sources */,
				84D275D31F0DF01A00551BCD /* Frameworks */,
				84D275D41F0DF01A00551BCD /* Resources */,
			);
			buildRules = (
			);
			dependencies = (
				84D275D81F0DF01A00551BCD /* PBXTargetDependency */,
			);
			name = cellActionTests;
			productName = cellActionTests;
			productReference = 84D275D61F0DF01A00551BCD /* cellActionTests.xctest */;
			productType = "com.apple.product-type.bundle.unit-test";
		};
		84D275E01F0DF01A00551BCD /* cellActionUITests */ = {
			isa = PBXNativeTarget;
			buildConfigurationList = 84D275F01F0DF01B00551BCD /* Build configuration list for PBXNativeTarget "cellActionUITests" */;
			buildPhases = (
				84D275DD1F0DF01A00551BCD /* Sources */,
				84D275DE1F0DF01A00551BCD /* Frameworks */,
				84D275DF1F0DF01A00551BCD /* Resources */,
			);
			buildRules = (
			);
			dependencies = (
				84D275E31F0DF01A00551BCD /* PBXTargetDependency */,
			);
			name = cellActionUITests;
			productName = cellActionUITests;
			productReference = 84D275E11F0DF01A00551BCD /* cellActionUITests.xctest */;
			productType = "com.apple.product-type.bundle.ui-testing";
		};
/* End PBXNativeTarget section */

/* Begin PBXProject section */
		84D275BA1F0DF01A00551BCD /* Project object */ = {
			isa = PBXProject;
			attributes = {
				LastSwiftUpdateCheck = 0830;
				LastUpgradeCheck = 0830;
				ORGANIZATIONNAME = indosystem;
				TargetAttributes = {
					84D275C11F0DF01A00551BCD = {
						CreatedOnToolsVersion = 8.3.3;
						ProvisioningStyle = Automatic;
					};
					84D275D51F0DF01A00551BCD = {
						CreatedOnToolsVersion = 8.3.3;
						ProvisioningStyle = Automatic;
						TestTargetID = 84D275C11F0DF01A00551BCD;
					};
					84D275E01F0DF01A00551BCD = {
						CreatedOnToolsVersion = 8.3.3;
						ProvisioningStyle = Automatic;
						TestTargetID = 84D275C11F0DF01A00551BCD;
					};
				};
			};
			buildConfigurationList = 84D275BD1F0DF01A00551BCD /* Build configuration list for PBXProject "cellAction" */;
			compatibilityVersion = "Xcode 3.2";
			developmentRegion = English;
			hasScannedForEncodings = 0;
			knownRegions = (
				en,
				Base,
			);
			mainGroup = 84D275B91F0DF01A00551BCD;
			productRefGroup = 84D275C31F0DF01A00551BCD /* Products */;
			projectDirPath = "";
			projectRoot = "";
			targets = (
				84D275C11F0DF01A00551BCD /* cellAction */,
				84D275D51F0DF01A00551BCD /* cellActionTests */,
				84D275E01F0DF01A00551BCD /* cellActionUITests */,
			);
		};
/* End PBXProject section */

/* Begin PBXResourcesBuildPhase section */
		84D275C01F0DF01A00551BCD /* Resources */ = {
			isa = PBXResourcesBuildPhase;
			buildActionMask = 2147483647;
			files = (
				84D275D01F0DF01A00551BCD /* LaunchScreen.storyboard in Resources */,
				84D275F71F0DF73A00551BCD /* husky.jpg in Resources */,
				84D275CD1F0DF01A00551BCD /* Assets.xcassets in Resources */,
				84D275F81F0DF73A00551BCD /* wolf.jpg in Resources */,
				84D275CB1F0DF01A00551BCD /* Main.storyboard in Resources */,
			);
			runOnlyForDeploymentPostprocessing = 0;
		};
		84D275D41F0DF01A00551BCD /* Resources */ = {
			isa = PBXResourcesBuildPhase;
			buildActionMask = 2147483647;
			files = (
			);
			runOnlyForDeploymentPostprocessing = 0;
		};
		84D275DF1F0DF01A00551BCD /* Resources */ = {
			isa = PBXResourcesBuildPhase;
			buildActionMask = 2147483647;
			files = (
			);
			runOnlyForDeploymentPostprocessing = 0;
		};
/* End PBXResourcesBuildPhase section */

/* Begin PBXSourcesBuildPhase section */
		84D275BE1F0DF01A00551BCD /* Sources */ = {
			isa = PBXSourcesBuildPhase;
			buildActionMask = 2147483647;
			files = (
				84D275C81F0DF01A00551BCD /* ViewController.swift in Sources */,
				84D275F41F0DF34600551BCD /* TableViewController.swift in Sources */,
				84D275C61F0DF01A00551BCD /* AppDelegate.swift in Sources */,
			);
			runOnlyForDeploymentPostprocessing = 0;
		};
		84D275D21F0DF01A00551BCD /* Sources */ = {
			isa = PBXSourcesBuildPhase;
			buildActionMask = 2147483647;
			files = (
				84D275DB1F0DF01A00551BCD /* cellActionTests.swift in Sources */,
			);
			runOnlyForDeploymentPostprocessing = 0;
		};
		84D275DD1F0DF01A00551BCD /* Sources */ = {
			isa = PBXSourcesBuildPhase;
			buildActionMask = 2147483647;
			files = (
				84D275E61F0DF01B00551BCD /* cellActionUITests.swift in Sources */,
			);
			runOnlyForDeploymentPostprocessing = 0;
		};
/* End PBXSourcesBuildPhase section */

/* Begin PBXTargetDependency section */
		84D275D81F0DF01A00551BCD /* PBXTargetDependency */ = {
			isa = PBXTargetDependency;
			target = 84D275C11F0DF01A00551BCD /* cellAction */;
			targetProxy = 84D275D71F0DF01A00551BCD /* PBXContainerItemProxy */;
		};
		84D275E31F0DF01A00551BCD /* PBXTargetDependency */ = {
			isa = PBXTargetDependency;
			target = 84D275C11F0DF01A00551BCD /* cellAction */;
			targetProxy = 84D275E21F0DF01A00551BCD /* PBXContainerItemProxy */;
		};
/* End PBXTargetDependency section */

/* Begin PBXVariantGroup section */
		84D275C91F0DF01A00551BCD /* Main.storyboard */ = {
			isa = PBXVariantGroup;
			children = (
				84D275CA1F0DF01A00551BCD /* Base */,
			);
			name = Main.storyboard;
			sourceTree = "<group>";
		};
		84D275CE1F0DF01A00551BCD /* LaunchScreen.storyboard */ = {
			isa = PBXVariantGroup;
			children = (
				84D275CF1F0DF01A00551BCD /* Base */,
			);
			name = LaunchScreen.storyboard;
			sourceTree = "<group>";
		};
/* End PBXVariantGroup section */

/* Begin XCBuildConfiguration section */
		84D275E81F0DF01B00551BCD /* Debug */ = {
			isa = XCBuildConfiguration;
			buildSettings = {
				ALWAYS_SEARCH_USER_PATHS = NO;
				CLANG_ANALYZER_NONNULL = YES;
				CLANG_ANALYZER_NUMBER_OBJECT_CONVERSION = YES_AGGRESSIVE;
				CLANG_CXX_LANGUAGE_STANDARD = "gnu++0x";
				CLANG_CXX_LIBRARY = "libc++";
				CLANG_ENABLE_MODULES = YES;
				CLANG_ENABLE_OBJC_ARC = YES;
				CLANG_WARN_BOOL_CONVERSION = YES;
				CLANG_WARN_CONSTANT_CONVERSION = YES;
				CLANG_WARN_DIRECT_OBJC_ISA_USAGE = YES_ERROR;
				CLANG_WARN_DOCUMENTATION_COMMENTS = YES;
				CLANG_WARN_EMPTY_BODY = YES;
				CLANG_WARN_ENUM_CONVERSION = YES;
				CLANG_WARN_INFINITE_RECURSION = YES;
				CLANG_WARN_INT_CONVERSION = YES;
				CLANG_WARN_OBJC_ROOT_CLASS = YES_ERROR;
				CLANG_WARN_SUSPICIOUS_MOVE = YES;
				CLANG_WARN_UNREACHABLE_CODE = YES;
				CLANG_WARN__DUPLICATE_METHOD_MATCH = YES;
				"CODE_SIGN_IDENTITY[sdk=iphoneos*]" = "iPhone Developer";
				COPY_PHASE_STRIP = NO;
				DEBUG_INFORMATION_FORMAT = dwarf;
				ENABLE_STRICT_OBJC_MSGSEND = YES;
				ENABLE_TESTABILITY = YES;
				GCC_C_LANGUAGE_STANDARD = gnu99;
				GCC_DYNAMIC_NO_PIC = NO;
				GCC_NO_COMMON_BLOCKS = YES;
				GCC_OPTIMIZATION_LEVEL = 0;
				GCC_PREPROCESSOR_DEFINITIONS = (
					"DEBUG=1",
					"$(inherited)",
				);
				GCC_WARN_64_TO_32_BIT_CONVERSION = YES;
				GCC_WARN_ABOUT_RETURN_TYPE = YES_ERROR;
				GCC_WARN_UNDECLARED_SELECTOR = YES;
				GCC_WARN_UNINITIALIZED_AUTOS = YES_AGGRESSIVE;
				GCC_WARN_UNUSED_FUNCTION = YES;
				GCC_WARN_UNUSED_VARIABLE = YES;
				IPHONEOS_DEPLOYMENT_TARGET = 10.3;
				MTL_ENABLE_DEBUG_INFO = YES;
				ONLY_ACTIVE_ARCH = YES;
				SDKROOT = iphoneos;
				SWIFT_ACTIVE_COMPILATION_CONDITIONS = DEBUG;
				SWIFT_OPTIMIZATION_LEVEL = "-Onone";
				TARGETED_DEVICE_FAMILY = "1,2";
			};
			name = Debug;
		};
		84D275E91F0DF01B00551BCD /* Release */ = {
			isa = XCBuildConfiguration;
			buildSettings = {
				ALWAYS_SEARCH_USER_PATHS = NO;
				CLANG_ANALYZER_NONNULL = YES;
				CLANG_ANALYZER_NUMBER_OBJECT_CONVERSION = YES_AGGRESSIVE;
				CLANG_CXX_LANGUAGE_STANDARD = "gnu++0x";
				CLANG_CXX_LIBRARY = "libc++";
				CLANG_ENABLE_MODULES = YES;
				CLANG_ENABLE_OBJC_ARC = YES;
				CLANG_WARN_BOOL_CONVERSION = YES;
				CLANG_WARN_CONSTANT_CONVERSION = YES;
				CLANG_WARN_DIRECT_OBJC_ISA_USAGE = YES_ERROR;
				CLANG_WARN_DOCUMENTATION_COMMENTS = YES;
				CLANG_WARN_EMPTY_BODY = YES;
				CLANG_WARN_ENUM_CONVERSION = YES;
				CLANG_WARN_INFINITE_RECURSION = YES;
				CLANG_WARN_INT_CONVERSION = YES;
				CLANG_WARN_OBJC_ROOT_CLASS = YES_ERROR;
				CLANG_WARN_SUSPICIOUS_MOVE = YES;
				CLANG_WARN_UNREACHABLE_CODE = YES;
				CLANG_WARN__DUPLICATE_METHOD_MATCH = YES;
				"CODE_SIGN_IDENTITY[sdk=iphoneos*]" = "iPhone Developer";
				COPY_PHASE_STRIP = NO;
				DEBUG_INFORMATION_FORMAT = "dwarf-with-dsym";
				ENABLE_NS_ASSERTIONS = NO;
				ENABLE_STRICT_OBJC_MSGSEND = YES;
				GCC_C_LANGUAGE_STANDARD = gnu99;
				GCC_NO_COMMON_BLOCKS = YES;
				GCC_WARN_64_TO_32_BIT_CONVERSION = YES;
				GCC_WARN_ABOUT_RETURN_TYPE = YES_ERROR;
				GCC_WARN_UNDECLARED_SELECTOR = YES;
				GCC_WARN_UNINITIALIZED_AUTOS = YES_AGGRESSIVE;
				GCC_WARN_UNUSED_FUNCTION = YES;
				GCC_WARN_UNUSED_VARIABLE = YES;
				IPHONEOS_DEPLOYMENT_TARGET = 10.3;
				MTL_ENABLE_DEBUG_INFO = NO;
				SDKROOT = iphoneos;
				SWIFT_OPTIMIZATION_LEVEL = "-Owholemodule";
				TARGETED_DEVICE_FAMILY = "1,2";
				VALIDATE_PRODUCT = YES;
			};
			name = Release;
		};
		84D275EB1F0DF01B00551BCD /* Debug */ = {
			isa = XCBuildConfiguration;
			buildSettings = {
				ASSETCATALOG_COMPILER_APPICON_NAME = AppIcon;
				INFOPLIST_FILE = cellAction/Info.plist;
				LD_RUNPATH_SEARCH_PATHS = "$(inherited) @executable_path/Frameworks";
				PRODUCT_BUNDLE_IDENTIFIER = indosystem.cellAction;
				PRODUCT_NAME = "$(TARGET_NAME)";
				SWIFT_VERSION = 3.0;
			};
			name = Debug;
		};
		84D275EC1F0DF01B00551BCD /* Release */ = {
			isa = XCBuildConfiguration;
			buildSettings = {
				ASSETCATALOG_COMPILER_APPICON_NAME = AppIcon;
				INFOPLIST_FILE = cellAction/Info.plist;
				LD_RUNPATH_SEARCH_PATHS = "$(inherited) @executable_path/Frameworks";
				PRODUCT_BUNDLE_IDENTIFIER = indosystem.cellAction;
				PRODUCT_NAME = "$(TARGET_NAME)";
				SWIFT_VERSION = 3.0;
			};
			name = Release;
		};
		84D275EE1F0DF01B00551BCD /* Debug */ = {
			isa = XCBuildConfiguration;
			buildSettings = {
				ALWAYS_EMBED_SWIFT_STANDARD_LIBRARIES = YES;
				BUNDLE_LOADER = "$(TEST_HOST)";
				INFOPLIST_FILE = cellActionTests/Info.plist;
				LD_RUNPATH_SEARCH_PATHS = "$(inherited) @executable_path/Frameworks @loader_path/Frameworks";
				PRODUCT_BUNDLE_IDENTIFIER = indosystem.cellActionTests;
				PRODUCT_NAME = "$(TARGET_NAME)";
				SWIFT_VERSION = 3.0;
				TEST_HOST = "$(BUILT_PRODUCTS_DIR)/cellAction.app/cellAction";
			};
			name = Debug;
		};
		84D275EF1F0DF01B00551BCD /* Release */ = {
			isa = XCBuildConfiguration;
			buildSettings = {
				ALWAYS_EMBED_SWIFT_STANDARD_LIBRARIES = YES;
				BUNDLE_LOADER = "$(TEST_HOST)";
				INFOPLIST_FILE = cellActionTests/Info.plist;
				LD_RUNPATH_SEARCH_PATHS = "$(inherited) @executable_path/Frameworks @loader_path/Frameworks";
				PRODUCT_BUNDLE_IDENTIFIER = indosystem.cellActionTests;
				PRODUCT_NAME = "$(TARGET_NAME)";
				SWIFT_VERSION = 3.0;
				TEST_HOST = "$(BUILT_PRODUCTS_DIR)/cellAction.app/cellAction";
			};
			name = Release;
		};
		84D275F11F0DF01B00551BCD /* Debug */ = {
			isa = XCBuildConfiguration;
			buildSettings = {
				ALWAYS_EMBED_SWIFT_STANDARD_LIBRARIES = YES;
				INFOPLIST_FILE = cellActionUITests/Info.plist;
				LD_RUNPATH_SEARCH_PATHS = "$(inherited) @executable_path/Frameworks @loader_path/Frameworks";
				PRODUCT_BUNDLE_IDENTIFIER = indosystem.cellActionUITests;
				PRODUCT_NAME = "$(TARGET_NAME)";
				SWIFT_VERSION = 3.0;
				TEST_TARGET_NAME = cellAction;
			};
			name = Debug;
		};
		84D275F21F0DF01B00551BCD /* Release */ = {
			isa = XCBuildConfiguration;
			buildSettings = {
				ALWAYS_EMBED_SWIFT_STANDARD_LIBRARIES = YES;
				INFOPLIST_FILE = cellActionUITests/Info.plist;
				LD_RUNPATH_SEARCH_PATHS = "$(inherited) @executable_path/Frameworks @loader_path/Frameworks";
				PRODUCT_BUNDLE_IDENTIFIER = indosystem.cellActionUITests;
				PRODUCT_NAME = "$(TARGET_NAME)";
				SWIFT_VERSION = 3.0;
				TEST_TARGET_NAME = cellAction;
			};
			name = Release;
		};
/* End XCBuildConfiguration section */

/* Begin XCConfigurationList section */
		84D275BD1F0DF01A00551BCD /* Build configuration list for PBXProject "cellAction" */ = {
			isa = XCConfigurationList;
			buildConfigurations = (
				84D275E81F0DF01B00551BCD /* Debug */,
				84D275E91F0DF01B00551BCD /* Release */,
			);
			defaultConfigurationIsVisible = 0;
			defaultConfigurationName = Release;
		};
		84D275EA1F0DF01B00551BCD /* Build configuration list for PBXNativeTarget "cellAction" */ = {
			isa = XCConfigurationList;
			buildConfigurations = (
				84D275EB1F0DF01B00551BCD /* Debug */,
				84D275EC1F0DF01B00551BCD /* Release */,
			);
			defaultConfigurationIsVisible = 0;
		};
		84D275ED1F0DF01B00551BCD /* Build configuration list for PBXNativeTarget "cellActionTests" */ = {
			isa = XCConfigurationList;
			buildConfigurations = (
				84D275EE1F0DF01B00551BCD /* Debug */,
				84D275EF1F0DF01B00551BCD /* Release */,
			);
			defaultConfigurationIsVisible = 0;
		};
		84D275F01F0DF01B00551BCD /* Build configuration list for PBXNativeTarget "cellActionUITests" */ = {
			isa = XCConfigurationList;
			buildConfigurations = (
				84D275F11F0DF01B00551BCD /* Debug */,
				84D275F21F0DF01B00551BCD /* Release */,
			);
			defaultConfigurationIsVisible = 0;
		};
/* End XCConfigurationList section */
	};
	rootObject = 84D275BA1F0DF01A00551BCD /* Project object */;
}
